
Microsoft Visual Studio Solution File, Format Version 12.00
# Visual Studio Version 16
VisualStudioVersion = 16.0.30330.147
MinimumVisualStudioVersion = 10.0.40219.1
Project("{9A19103F-16F7-4668-BE54-9A1E7A4F7556}") = "websocketsserver", "websocketsserver.csproj", "{BFEC98C7-860D-40B4-A78F-485FED7587B6}"
EndProject
Project("{FAE04EC0-301F-11D3-BF4B-00C04F79EFBC}") = "SignalRServer", "..\SignalRServer\SignalRServer.csproj", "{DE406E86-8B71-45EA-8BE4-A5AD2A78C9AC}"
EndProject
Project("{FAE04EC0-301F-11D3-BF4B-00C04F79EFBC}") = "SignalRClient", "..\SignalRClient\SignalRClient.csproj", "{38B4943F-BBBE-4433-8365-D70CBF7A24DA}"
EndProject
Global
	GlobalSection(SolutionConfigurationPlatforms) = preSolution
		Debug|Any CPU = Debug|Any CPU
		Release|Any CPU = Release|Any CPU
	EndGlobalSection
	GlobalSection(ProjectConfigurationPlatforms) = postSolution
		{BFEC98C7-860D-40B4-A78F-485FED7587B6}.Debug|Any CPU.ActiveCfg = Debug|Any CPU
		{BFEC98C7-860D-40B4-A78F-485FED7587B6}.Debug|Any CPU.Build.0 = Debug|Any CPU
		{BFEC98C7-860D-40B4-A78F-485FED7587B6}.Release|Any CPU.ActiveCfg = Release|Any CPU
		{BFEC98C7-860D-40B4-A78F-485FED7587B6}.Release|Any CPU.Build.0 = Release|Any CPU
		{DE406E86-8B71-45EA-8BE4-A5AD2A78C9AC}.Debug|Any CPU.ActiveCfg = Debug|Any CPU
		{DE406E86-8B71-45EA-8BE4-A5AD2A78C9AC}.Debug|Any CPU.Build.0 = Debug|Any CPU
		{DE406E86-8B71-45EA-8BE4-A5AD2A78C9AC}.Release|Any CPU.ActiveCfg = Release|Any CPU
		{DE406E86-8B71-45EA-8BE4-A5AD2A78C9AC}.Release|Any CPU.Build.0 = Release|Any CPU
		{38B4943F-BBBE-4433-8365-D70CBF7A24DA}.Debug|Any CPU.ActiveCfg = Debug|Any CPU
		{38B4943F-BBBE-4433-8365-D70CBF7A24DA}.Debug|Any CPU.Build.0 = Debug|Any CPU
		{38B4943F-BBBE-4433-8365-D70CBF7A24DA}.Release|Any CPU.ActiveCfg = Release|Any CPU
		{38B4943F-BBBE-4433-8365-D70CBF7A24DA}.Release|Any CPU.Build.0 = Release|Any CPU
	EndGlobalSection
	GlobalSection(SolutionProperties) = preSolution
		HideSolutionNode = FALSE
	EndGlobalSection
	GlobalSection(ExtensibilityGlobals) = postSolution
		SolutionGuid = {111C4533-3D52-4B6F-9EEE-8FF6560ED714}
	EndGlobalSection
EndGlobal
